// !$*UTF8*$!
{
	archiveVersion = 1;
	classes = {
	};
	objectVersion = 55;
	objects = {

/* Begin PBXBuildFile section */
		A648BA9AC537923C75C9D2CC /* Pods_ConnectRealEstateAgent.framework in Frameworks */ = {isa = PBXBuildFile; fileRef = E14196BF2A1A50E61D2528D9 /* Pods_ConnectRealEstateAgent.framework */; };
		A7394D80299A94B0002FE2BA /* ItemPage.storyboard in Resources */ = {isa = PBXBuildFile; fileRef = A7394D7F299A94B0002FE2BA /* ItemPage.storyboard */; };
		A75FEBB42997DD28004F49DC /* FirstVC.swift in Sources */ = {isa = PBXBuildFile; fileRef = A75FEBB32997DD28004F49DC /* FirstVC.swift */; };
		A7F1164E2997E2F400905DAA /* LoginPage.storyboard in Resources */ = {isa = PBXBuildFile; fileRef = A7F1164D2997E2F400905DAA /* LoginPage.storyboard */; };
		A7F116522998B40400905DAA /* AppleLogin.m in Sources */ = {isa = PBXBuildFile; fileRef = A7F116512998B40400905DAA /* AppleLogin.m */; };
		A7F116552998B4FE00905DAA /* GoogleLogin.m in Sources */ = {isa = PBXBuildFile; fileRef = A7F116542998B4FE00905DAA /* GoogleLogin.m */; };
		A7F116582998B52900905DAA /* NaverLogin.m in Sources */ = {isa = PBXBuildFile; fileRef = A7F116572998B52900905DAA /* NaverLogin.m */; };
		A7F1165B29991C7D00905DAA /* EmailLogin.m in Sources */ = {isa = PBXBuildFile; fileRef = A7F1165A29991C7D00905DAA /* EmailLogin.m */; };
		A7F1165D2999242600905DAA /* SimpleAlert.swift in Sources */ = {isa = PBXBuildFile; fileRef = A7F1165C2999242600905DAA /* SimpleAlert.swift */; };
		FB110C8F2990C12000C4EF53 /* SimpleLoginVC.swift in Sources */ = {isa = PBXBuildFile; fileRef = FB110C8E2990C12000C4EF53 /* SimpleLoginVC.swift */; };
		FB110C912990C20500C4EF53 /* EmailLoginVC.swift in Sources */ = {isa = PBXBuildFile; fileRef = FB110C902990C20500C4EF53 /* EmailLoginVC.swift */; };
		FB110C932990C66900C4EF53 /* KakaoLogin.swift in Sources */ = {isa = PBXBuildFile; fileRef = FB110C922990C66900C4EF53 /* KakaoLogin.swift */; };
		FB110C992990EEDB00C4EF53 /* ColorExtension.swift in Sources */ = {isa = PBXBuildFile; fileRef = FB110C982990EEDB00C4EF53 /* ColorExtension.swift */; };
		FB21D2AE299098DC00F1FA20 /* AppDelegate.swift in Sources */ = {isa = PBXBuildFile; fileRef = FB21D2AD299098DC00F1FA20 /* AppDelegate.swift */; };
		FB21D2B0299098DC00F1FA20 /* SceneDelegate.swift in Sources */ = {isa = PBXBuildFile; fileRef = FB21D2AF299098DC00F1FA20 /* SceneDelegate.swift */; };
		FB21D2B5299098DC00F1FA20 /* Main.storyboard in Resources */ = {isa = PBXBuildFile; fileRef = FB21D2B3299098DC00F1FA20 /* Main.storyboard */; };
		FB21D2B7299098DD00F1FA20 /* Assets.xcassets in Resources */ = {isa = PBXBuildFile; fileRef = FB21D2B6299098DD00F1FA20 /* Assets.xcassets */; };
		FB21D2BA299098DD00F1FA20 /* LaunchScreen.storyboard in Resources */ = {isa = PBXBuildFile; fileRef = FB21D2B8299098DD00F1FA20 /* LaunchScreen.storyboard */; };
		FB21D2C22990996D00F1FA20 /* GoogleService-Info.plist in Resources */ = {isa = PBXBuildFile; fileRef = FB21D2C12990996D00F1FA20 /* GoogleService-Info.plist */; };
		FB21D2D72990A9C500F1FA20 /* GoogleSignIn in Frameworks */ = {isa = PBXBuildFile; productRef = FB21D2D62990A9C500F1FA20 /* GoogleSignIn */; };
		FB21D2DC2990AE0400F1FA20 /* KakaoSDK in Frameworks */ = {isa = PBXBuildFile; productRef = FB21D2DB2990AE0400F1FA20 /* KakaoSDK */; };
		FB21D2DF2990AF1B00F1FA20 /* FirebaseAnalytics in Frameworks */ = {isa = PBXBuildFile; productRef = FB21D2DE2990AF1B00F1FA20 /* FirebaseAnalytics */; };
		FB21D2E12990AF1B00F1FA20 /* FirebaseAuth in Frameworks */ = {isa = PBXBuildFile; productRef = FB21D2E02990AF1B00F1FA20 /* FirebaseAuth */; };
		FB21D2E32990AF1B00F1FA20 /* FirebaseDatabase in Frameworks */ = {isa = PBXBuildFile; productRef = FB21D2E22990AF1B00F1FA20 /* FirebaseDatabase */; };
		FB21D2E52990AF1B00F1FA20 /* FirebaseFirestore in Frameworks */ = {isa = PBXBuildFile; productRef = FB21D2E42990AF1B00F1FA20 /* FirebaseFirestore */; };
		FB21D2E72990AF1B00F1FA20 /* FirebaseMessaging in Frameworks */ = {isa = PBXBuildFile; productRef = FB21D2E62990AF1B00F1FA20 /* FirebaseMessaging */; };
		FB21D2E92990AF1B00F1FA20 /* FirebaseStorage in Frameworks */ = {isa = PBXBuildFile; productRef = FB21D2E82990AF1B00F1FA20 /* FirebaseStorage */; };
		FB23F86E299DBFEF0023C752 /* DropDown in Frameworks */ = {isa = PBXBuildFile; productRef = FB23F86D299DBFEF0023C752 /* DropDown */; };
		FB23F870299E10ED0023C752 /* InformationView.swift in Sources */ = {isa = PBXBuildFile; fileRef = FB23F86F299E10ED0023C752 /* InformationView.swift */; };
		FB23F872299E119E0023C752 /* InformationView.xib in Resources */ = {isa = PBXBuildFile; fileRef = FB23F871299E119E0023C752 /* InformationView.xib */; };
		FB23F874299F04280023C752 /* InvestInputView.xib in Resources */ = {isa = PBXBuildFile; fileRef = FB23F873299F04280023C752 /* InvestInputView.xib */; };
		FB23F87A299F4BC70023C752 /* InvestInputView.swift in Sources */ = {isa = PBXBuildFile; fileRef = FB23F879299F4BC70023C752 /* InvestInputView.swift */; };
		FB23F87E299F4CFB0023C752 /* DatabaseManager.m in Sources */ = {isa = PBXBuildFile; fileRef = FB23F87D299F4CFB0023C752 /* DatabaseManager.m */; };
		FB23F88229A329F10023C752 /* EnumCollection.swift in Sources */ = {isa = PBXBuildFile; fileRef = FB23F88129A329F00023C752 /* EnumCollection.swift */; };
		FB35BAA6299A2A6100BA6A27 /* MapVC.swift in Sources */ = {isa = PBXBuildFile; fileRef = FB35BAA5299A2A6100BA6A27 /* MapVC.swift */; };
		FB35BAA8299A2A6B00BA6A27 /* MapPage.storyboard in Resources */ = {isa = PBXBuildFile; fileRef = FB35BAA7299A2A6B00BA6A27 /* MapPage.storyboard */; };
		FB35BAB0299A2DB900BA6A27 /* ItemListVC.swift in Sources */ = {isa = PBXBuildFile; fileRef = FB35BAAF299A2DB900BA6A27 /* ItemListVC.swift */; };
		FB35BAB8299A2E8800BA6A27 /* AddItemVC.swift in Sources */ = {isa = PBXBuildFile; fileRef = FB35BAB7299A2E8800BA6A27 /* AddItemVC.swift */; };
		FB35BAC0299A331F00BA6A27 /* SearchAddressView.swift in Sources */ = {isa = PBXBuildFile; fileRef = FB35BABF299A331F00BA6A27 /* SearchAddressView.swift */; };
		FB42B1D7299B20E800CBADC9 /* SearchAddressView.xib in Resources */ = {isa = PBXBuildFile; fileRef = FB42B1D6299B20E800CBADC9 /* SearchAddressView.xib */; };
		FB42B1DA299B36A300CBADC9 /* AFNetworking in Frameworks */ = {isa = PBXBuildFile; productRef = FB42B1D9299B36A300CBADC9 /* AFNetworking */; };
		FB42B1DD299B36C600CBADC9 /* SearchAddress.m in Sources */ = {isa = PBXBuildFile; fileRef = FB42B1DC299B36C600CBADC9 /* SearchAddress.m */; };
		FB47B79C2995EF1C006B8068 /* BJDAddressData.swift in Sources */ = {isa = PBXBuildFile; fileRef = FB47B79A2995EF1C006B8068 /* BJDAddressData.swift */; };
		FB47B7A2299615EA006B8068 /* ImageExtension.swift in Sources */ = {isa = PBXBuildFile; fileRef = FB47B7A1299615EA006B8068 /* ImageExtension.swift */; };
		FB7B3B8429A5D8FD00A58D8E /* MapView.m in Sources */ = {isa = PBXBuildFile; fileRef = FB7B3B8329A5D8FD00A58D8E /* MapView.m */; };
		FB8505B529A8929F0053311D /* InfoMarkerViewController.xib in Resources */ = {isa = PBXBuildFile; fileRef = FB8505B429A8929F0053311D /* InfoMarkerViewController.xib */; };
		FB8505B929A89AE60053311D /* InfoMarkerTableViewCell.m in Sources */ = {isa = PBXBuildFile; fileRef = FB8505B729A89AE60053311D /* InfoMarkerTableViewCell.m */; };
		FB8505BA29A89AE60053311D /* InfoMarkerTableViewCell.xib in Resources */ = {isa = PBXBuildFile; fileRef = FB8505B829A89AE60053311D /* InfoMarkerTableViewCell.xib */; };
		FBBBD19029A8766100F6A0CA /* InfoMarkerViewController.m in Sources */ = {isa = PBXBuildFile; fileRef = FBBBD18E29A8766100F6A0CA /* InfoMarkerViewController.m */; };
		FBBBD19829A8826700F6A0CA /* DetailMarkerViewController.m in Sources */ = {isa = PBXBuildFile; fileRef = FBBBD19629A8826700F6A0CA /* DetailMarkerViewController.m */; };
		FBBBD19929A8826700F6A0CA /* DetailMarkerViewController.xib in Resources */ = {isa = PBXBuildFile; fileRef = FBBBD19729A8826700F6A0CA /* DetailMarkerViewController.xib */; };
		FBEB6FDD29A743AD00445EF9 /* CREAViewController.swift in Sources */ = {isa = PBXBuildFile; fileRef = FBEB6FDC29A743AD00445EF9 /* CREAViewController.swift */; };
		FBF52F5A2999B570006594D1 /* CreateAccountVC.swift in Sources */ = {isa = PBXBuildFile; fileRef = FBF52F592999B570006594D1 /* CreateAccountVC.swift */; };
		FBF52F5C2999B65C006594D1 /* AccountAgreeVC.swift in Sources */ = {isa = PBXBuildFile; fileRef = FBF52F5B2999B65C006594D1 /* AccountAgreeVC.swift */; };
/* End PBXBuildFile section */

/* Begin PBXFileReference section */
		4A007FB0549A2C4D49C7B1D3 /* Pods-ConnectRealEstateAgent.debug.xcconfig */ = {isa = PBXFileReference; includeInIndex = 1; lastKnownFileType = text.xcconfig; name = "Pods-ConnectRealEstateAgent.debug.xcconfig"; path = "Target Support Files/Pods-ConnectRealEstateAgent/Pods-ConnectRealEstateAgent.debug.xcconfig"; sourceTree = "<group>"; };
		72EDF291842113FA2CD01799 /* Pods-ConnectRealEstateAgent.release.xcconfig */ = {isa = PBXFileReference; includeInIndex = 1; lastKnownFileType = text.xcconfig; name = "Pods-ConnectRealEstateAgent.release.xcconfig"; path = "Target Support Files/Pods-ConnectRealEstateAgent/Pods-ConnectRealEstateAgent.release.xcconfig"; sourceTree = "<group>"; };
		A7394D7F299A94B0002FE2BA /* ItemPage.storyboard */ = {isa = PBXFileReference; lastKnownFileType = file.storyboard; path = ItemPage.storyboard; sourceTree = "<group>"; };
		A75FEBB32997DD28004F49DC /* FirstVC.swift */ = {isa = PBXFileReference; lastKnownFileType = sourcecode.swift; path = FirstVC.swift; sourceTree = "<group>"; };
		A7F1164D2997E2F400905DAA /* LoginPage.storyboard */ = {isa = PBXFileReference; lastKnownFileType = file.storyboard; path = LoginPage.storyboard; sourceTree = "<group>"; };
		A7F116502998B40400905DAA /* AppleLogin.h */ = {isa = PBXFileReference; lastKnownFileType = sourcecode.c.h; path = AppleLogin.h; sourceTree = "<group>"; };
		A7F116512998B40400905DAA /* AppleLogin.m */ = {isa = PBXFileReference; lastKnownFileType = sourcecode.c.objc; path = AppleLogin.m; sourceTree = "<group>"; };
		A7F116532998B4FE00905DAA /* GoogleLogin.h */ = {isa = PBXFileReference; lastKnownFileType = sourcecode.c.h; path = GoogleLogin.h; sourceTree = "<group>"; };
		A7F116542998B4FE00905DAA /* GoogleLogin.m */ = {isa = PBXFileReference; lastKnownFileType = sourcecode.c.objc; path = GoogleLogin.m; sourceTree = "<group>"; };
		A7F116562998B52900905DAA /* NaverLogin.h */ = {isa = PBXFileReference; lastKnownFileType = sourcecode.c.h; path = NaverLogin.h; sourceTree = "<group>"; };
		A7F116572998B52900905DAA /* NaverLogin.m */ = {isa = PBXFileReference; lastKnownFileType = sourcecode.c.objc; path = NaverLogin.m; sourceTree = "<group>"; };
		A7F1165929991C7D00905DAA /* EmailLogin.h */ = {isa = PBXFileReference; lastKnownFileType = sourcecode.c.h; path = EmailLogin.h; sourceTree = "<group>"; };
		A7F1165A29991C7D00905DAA /* EmailLogin.m */ = {isa = PBXFileReference; lastKnownFileType = sourcecode.c.objc; path = EmailLogin.m; sourceTree = "<group>"; };
		A7F1165C2999242600905DAA /* SimpleAlert.swift */ = {isa = PBXFileReference; lastKnownFileType = sourcecode.swift; path = SimpleAlert.swift; sourceTree = "<group>"; };
		A7F1165E29992CE900905DAA /* README.md */ = {isa = PBXFileReference; lastKnownFileType = net.daringfireball.markdown; path = README.md; sourceTree = "<group>"; };
		E14196BF2A1A50E61D2528D9 /* Pods_ConnectRealEstateAgent.framework */ = {isa = PBXFileReference; explicitFileType = wrapper.framework; includeInIndex = 0; path = Pods_ConnectRealEstateAgent.framework; sourceTree = BUILT_PRODUCTS_DIR; };
		FB110C8E2990C12000C4EF53 /* SimpleLoginVC.swift */ = {isa = PBXFileReference; lastKnownFileType = sourcecode.swift; path = SimpleLoginVC.swift; sourceTree = "<group>"; };
		FB110C902990C20500C4EF53 /* EmailLoginVC.swift */ = {isa = PBXFileReference; lastKnownFileType = sourcecode.swift; path = EmailLoginVC.swift; sourceTree = "<group>"; };
		FB110C922990C66900C4EF53 /* KakaoLogin.swift */ = {isa = PBXFileReference; lastKnownFileType = sourcecode.swift; path = KakaoLogin.swift; sourceTree = "<group>"; };
		FB110C982990EEDB00C4EF53 /* ColorExtension.swift */ = {isa = PBXFileReference; lastKnownFileType = sourcecode.swift; path = ColorExtension.swift; sourceTree = "<group>"; };
		FB21D2AA299098DC00F1FA20 /* ConnectRealEstateAgent.app */ = {isa = PBXFileReference; explicitFileType = wrapper.application; includeInIndex = 0; path = ConnectRealEstateAgent.app; sourceTree = BUILT_PRODUCTS_DIR; };
		FB21D2AD299098DC00F1FA20 /* AppDelegate.swift */ = {isa = PBXFileReference; lastKnownFileType = sourcecode.swift; path = AppDelegate.swift; sourceTree = "<group>"; };
		FB21D2AF299098DC00F1FA20 /* SceneDelegate.swift */ = {isa = PBXFileReference; lastKnownFileType = sourcecode.swift; path = SceneDelegate.swift; sourceTree = "<group>"; };
		FB21D2B4299098DC00F1FA20 /* Base */ = {isa = PBXFileReference; lastKnownFileType = file.storyboard; name = Base; path = Base.lproj/Main.storyboard; sourceTree = "<group>"; };
		FB21D2B6299098DD00F1FA20 /* Assets.xcassets */ = {isa = PBXFileReference; lastKnownFileType = folder.assetcatalog; path = Assets.xcassets; sourceTree = "<group>"; };
		FB21D2B9299098DD00F1FA20 /* Base */ = {isa = PBXFileReference; lastKnownFileType = file.storyboard; name = Base; path = Base.lproj/LaunchScreen.storyboard; sourceTree = "<group>"; };
		FB21D2BB299098DD00F1FA20 /* Info.plist */ = {isa = PBXFileReference; lastKnownFileType = text.plist.xml; path = Info.plist; sourceTree = "<group>"; };
		FB21D2C12990996D00F1FA20 /* GoogleService-Info.plist */ = {isa = PBXFileReference; fileEncoding = 4; lastKnownFileType = text.plist.xml; path = "GoogleService-Info.plist"; sourceTree = "<group>"; };
		FB21D2D429909D6F00F1FA20 /* ConnectRealEstateAgent.entitlements */ = {isa = PBXFileReference; lastKnownFileType = text.plist.entitlements; path = ConnectRealEstateAgent.entitlements; sourceTree = "<group>"; };
		FB21D2EB2990BC1700F1FA20 /* ConnectRealEstateAgent-Bridging-Header.h */ = {isa = PBXFileReference; lastKnownFileType = sourcecode.c.h; path = "ConnectRealEstateAgent-Bridging-Header.h"; sourceTree = "<group>"; };
		FB23F86F299E10ED0023C752 /* InformationView.swift */ = {isa = PBXFileReference; lastKnownFileType = sourcecode.swift; path = InformationView.swift; sourceTree = "<group>"; };
		FB23F871299E119E0023C752 /* InformationView.xib */ = {isa = PBXFileReference; lastKnownFileType = file.xib; path = InformationView.xib; sourceTree = "<group>"; };
		FB23F873299F04280023C752 /* InvestInputView.xib */ = {isa = PBXFileReference; lastKnownFileType = file.xib; path = InvestInputView.xib; sourceTree = "<group>"; };
		FB23F879299F4BC70023C752 /* InvestInputView.swift */ = {isa = PBXFileReference; lastKnownFileType = sourcecode.swift; path = InvestInputView.swift; sourceTree = "<group>"; };
		FB23F87C299F4CFB0023C752 /* DatabaseManager.h */ = {isa = PBXFileReference; lastKnownFileType = sourcecode.c.h; path = DatabaseManager.h; sourceTree = "<group>"; };
		FB23F87D299F4CFB0023C752 /* DatabaseManager.m */ = {isa = PBXFileReference; lastKnownFileType = sourcecode.c.objc; path = DatabaseManager.m; sourceTree = "<group>"; };
		FB23F880299F677C0023C752 /* Database Struct.md */ = {isa = PBXFileReference; lastKnownFileType = net.daringfireball.markdown; path = "Database Struct.md"; sourceTree = "<group>"; };
		FB23F88129A329F00023C752 /* EnumCollection.swift */ = {isa = PBXFileReference; lastKnownFileType = sourcecode.swift; path = EnumCollection.swift; sourceTree = "<group>"; };
		FB35BAA5299A2A6100BA6A27 /* MapVC.swift */ = {isa = PBXFileReference; lastKnownFileType = sourcecode.swift; path = MapVC.swift; sourceTree = "<group>"; };
		FB35BAA7299A2A6B00BA6A27 /* MapPage.storyboard */ = {isa = PBXFileReference; lastKnownFileType = file.storyboard; path = MapPage.storyboard; sourceTree = "<group>"; };
		FB35BAAF299A2DB900BA6A27 /* ItemListVC.swift */ = {isa = PBXFileReference; lastKnownFileType = sourcecode.swift; path = ItemListVC.swift; sourceTree = "<group>"; };
		FB35BAB7299A2E8800BA6A27 /* AddItemVC.swift */ = {isa = PBXFileReference; lastKnownFileType = sourcecode.swift; path = AddItemVC.swift; sourceTree = "<group>"; };
		FB35BABF299A331F00BA6A27 /* SearchAddressView.swift */ = {isa = PBXFileReference; lastKnownFileType = sourcecode.swift; path = SearchAddressView.swift; sourceTree = "<group>"; };
		FB42B1D6299B20E800CBADC9 /* SearchAddressView.xib */ = {isa = PBXFileReference; lastKnownFileType = file.xib; path = SearchAddressView.xib; sourceTree = "<group>"; };
		FB42B1DB299B36C600CBADC9 /* SearchAddress.h */ = {isa = PBXFileReference; lastKnownFileType = sourcecode.c.h; name = SearchAddress.h; path = "ConnectRealEstateAgent/Utils/Objective-C/SearchAddress.h"; sourceTree = SOURCE_ROOT; };
		FB42B1DC299B36C600CBADC9 /* SearchAddress.m */ = {isa = PBXFileReference; lastKnownFileType = sourcecode.c.objc; name = SearchAddress.m; path = "ConnectRealEstateAgent/Utils/Objective-C/SearchAddress.m"; sourceTree = SOURCE_ROOT; };
		FB47B79A2995EF1C006B8068 /* BJDAddressData.swift */ = {isa = PBXFileReference; fileEncoding = 4; lastKnownFileType = sourcecode.swift; path = BJDAddressData.swift; sourceTree = "<group>"; };
		FB47B7A1299615EA006B8068 /* ImageExtension.swift */ = {isa = PBXFileReference; lastKnownFileType = sourcecode.swift; path = ImageExtension.swift; sourceTree = "<group>"; };
		FB7B3B8229A5D8FD00A58D8E /* MapView.h */ = {isa = PBXFileReference; lastKnownFileType = sourcecode.c.h; path = MapView.h; sourceTree = "<group>"; };
		FB7B3B8329A5D8FD00A58D8E /* MapView.m */ = {isa = PBXFileReference; lastKnownFileType = sourcecode.c.objc; path = MapView.m; sourceTree = "<group>"; };
		FB8505B429A8929F0053311D /* InfoMarkerViewController.xib */ = {isa = PBXFileReference; lastKnownFileType = file.xib; path = InfoMarkerViewController.xib; sourceTree = "<group>"; };
		FB8505B629A89AE60053311D /* InfoMarkerTableViewCell.h */ = {isa = PBXFileReference; lastKnownFileType = sourcecode.c.h; path = InfoMarkerTableViewCell.h; sourceTree = "<group>"; };
		FB8505B729A89AE60053311D /* InfoMarkerTableViewCell.m */ = {isa = PBXFileReference; lastKnownFileType = sourcecode.c.objc; path = InfoMarkerTableViewCell.m; sourceTree = "<group>"; };
		FB8505B829A89AE60053311D /* InfoMarkerTableViewCell.xib */ = {isa = PBXFileReference; lastKnownFileType = file.xib; path = InfoMarkerTableViewCell.xib; sourceTree = "<group>"; };
		FB950B1029A4444800431FDA /* LoginProtocol.h */ = {isa = PBXFileReference; lastKnownFileType = sourcecode.c.h; path = LoginProtocol.h; sourceTree = "<group>"; };
		FBBBD18B29A869F300F6A0CA /* URLData.h */ = {isa = PBXFileReference; lastKnownFileType = sourcecode.c.h; path = URLData.h; sourceTree = "<group>"; };
		FBBBD18C29A86E6D00F6A0CA /* KEYData.h */ = {isa = PBXFileReference; lastKnownFileType = sourcecode.c.h; path = KEYData.h; sourceTree = "<group>"; };
		FBBBD18D29A8766100F6A0CA /* InfoMarkerViewController.h */ = {isa = PBXFileReference; lastKnownFileType = sourcecode.c.h; path = InfoMarkerViewController.h; sourceTree = "<group>"; };
		FBBBD18E29A8766100F6A0CA /* InfoMarkerViewController.m */ = {isa = PBXFileReference; lastKnownFileType = sourcecode.c.objc; path = InfoMarkerViewController.m; sourceTree = "<group>"; };
		FBBBD19529A8826700F6A0CA /* DetailMarkerViewController.h */ = {isa = PBXFileReference; lastKnownFileType = sourcecode.c.h; path = DetailMarkerViewController.h; sourceTree = "<group>"; };
		FBBBD19629A8826700F6A0CA /* DetailMarkerViewController.m */ = {isa = PBXFileReference; lastKnownFileType = sourcecode.c.objc; path = DetailMarkerViewController.m; sourceTree = "<group>"; };
		FBBBD19729A8826700F6A0CA /* DetailMarkerViewController.xib */ = {isa = PBXFileReference; lastKnownFileType = file.xib; path = DetailMarkerViewController.xib; sourceTree = "<group>"; };
		FBEB6FDC29A743AD00445EF9 /* CREAViewController.swift */ = {isa = PBXFileReference; lastKnownFileType = sourcecode.swift; path = CREAViewController.swift; sourceTree = "<group>"; };
		FBF52F592999B570006594D1 /* CreateAccountVC.swift */ = {isa = PBXFileReference; lastKnownFileType = sourcecode.swift; path = CreateAccountVC.swift; sourceTree = "<group>"; };
		FBF52F5B2999B65C006594D1 /* AccountAgreeVC.swift */ = {isa = PBXFileReference; lastKnownFileType = sourcecode.swift; path = AccountAgreeVC.swift; sourceTree = "<group>"; };
/* End PBXFileReference section */

/* Begin PBXFrameworksBuildPhase section */
		FB21D2A7299098DC00F1FA20 /* Frameworks */ = {
			isa = PBXFrameworksBuildPhase;
			buildActionMask = 2147483647;
			files = (
				FB21D2E32990AF1B00F1FA20 /* FirebaseDatabase in Frameworks */,
				FB21D2DC2990AE0400F1FA20 /* KakaoSDK in Frameworks */,
				FB21D2E72990AF1B00F1FA20 /* FirebaseMessaging in Frameworks */,
				FB42B1DA299B36A300CBADC9 /* AFNetworking in Frameworks */,
				FB21D2D72990A9C500F1FA20 /* GoogleSignIn in Frameworks */,
				FB21D2DF2990AF1B00F1FA20 /* FirebaseAnalytics in Frameworks */,
				FB21D2E92990AF1B00F1FA20 /* FirebaseStorage in Frameworks */,
				FB21D2E12990AF1B00F1FA20 /* FirebaseAuth in Frameworks */,
				FB21D2E52990AF1B00F1FA20 /* FirebaseFirestore in Frameworks */,
				A648BA9AC537923C75C9D2CC /* Pods_ConnectRealEstateAgent.framework in Frameworks */,
				FB23F86E299DBFEF0023C752 /* DropDown in Frameworks */,
			);
			runOnlyForDeploymentPostprocessing = 0;
		};
/* End PBXFrameworksBuildPhase section */

/* Begin PBXGroup section */
		A7C443E8299D161C001EA428 /* xib */ = {
			isa = PBXGroup;
			children = (
				FB42B1D6299B20E800CBADC9 /* SearchAddressView.xib */,
				FB23F871299E119E0023C752 /* InformationView.xib */,
				FB23F873299F04280023C752 /* InvestInputView.xib */,
			);
			path = xib;
			sourceTree = "<group>";
		};
		A7C443E9299D1638001EA428 /* Swift */ = {
			isa = PBXGroup;
			children = (
				FB35BABF299A331F00BA6A27 /* SearchAddressView.swift */,
				FB23F86F299E10ED0023C752 /* InformationView.swift */,
				FB23F879299F4BC70023C752 /* InvestInputView.swift */,
			);
			name = Swift;
			sourceTree = "<group>";
		};
		A7F1164F2998B3E000905DAA /* Swift */ = {
			isa = PBXGroup;
			children = (
				FB110C922990C66900C4EF53 /* KakaoLogin.swift */,
			);
			path = Swift;
			sourceTree = "<group>";
		};
		B5CCA523E04E1AB05368F0DB /* Frameworks */ = {
			isa = PBXGroup;
			children = (
				E14196BF2A1A50E61D2528D9 /* Pods_ConnectRealEstateAgent.framework */,
			);
			name = Frameworks;
			sourceTree = "<group>";
		};
		BCAB225F87D3BA36998CBD50 /* Pods */ = {
			isa = PBXGroup;
			children = (
				4A007FB0549A2C4D49C7B1D3 /* Pods-ConnectRealEstateAgent.debug.xcconfig */,
				72EDF291842113FA2CD01799 /* Pods-ConnectRealEstateAgent.release.xcconfig */,
			);
			path = Pods;
			sourceTree = "<group>";
		};
		FB21D2A1299098DC00F1FA20 = {
			isa = PBXGroup;
			children = (
				FB23F87F299F674E0023C752 /* MD_Documents */,
				A7F1165E29992CE900905DAA /* README.md */,
				FB21D2AC299098DC00F1FA20 /* ConnectRealEstateAgent */,
				FB21D2AB299098DC00F1FA20 /* Products */,
				BCAB225F87D3BA36998CBD50 /* Pods */,
				B5CCA523E04E1AB05368F0DB /* Frameworks */,
			);
			sourceTree = "<group>";
		};
		FB21D2AB299098DC00F1FA20 /* Products */ = {
			isa = PBXGroup;
			children = (
				FB21D2AA299098DC00F1FA20 /* ConnectRealEstateAgent.app */,
			);
			name = Products;
			sourceTree = "<group>";
		};
		FB21D2AC299098DC00F1FA20 /* ConnectRealEstateAgent */ = {
			isa = PBXGroup;
			children = (
				FB21D2D429909D6F00F1FA20 /* ConnectRealEstateAgent.entitlements */,
				FB21D2AD299098DC00F1FA20 /* AppDelegate.swift */,
				FB21D2AF299098DC00F1FA20 /* SceneDelegate.swift */,
				A75FEBB32997DD28004F49DC /* FirstVC.swift */,
				FB21D2B3299098DC00F1FA20 /* Main.storyboard */,
				FB47B79E2995EF54006B8068 /* Utils */,
				FB35BAAB299A2D5F00BA6A27 /* List */,
				FB35BAA3299A2A4800BA6A27 /* Map */,
				FB21D2F12990BF3700F1FA20 /* Login */,
				FB21D2B8299098DD00F1FA20 /* LaunchScreen.storyboard */,
				FB21D2B6299098DD00F1FA20 /* Assets.xcassets */,
				FB21D2BB299098DD00F1FA20 /* Info.plist */,
				FB21D2C12990996D00F1FA20 /* GoogleService-Info.plist */,
				FB21D2EB2990BC1700F1FA20 /* ConnectRealEstateAgent-Bridging-Header.h */,
			);
			path = ConnectRealEstateAgent;
			sourceTree = "<group>";
		};
		FB21D2D82990A9E400F1FA20 /* Swift */ = {
			isa = PBXGroup;
			children = (
				FBEB6FDC29A743AD00445EF9 /* CREAViewController.swift */,
				FB47B79A2995EF1C006B8068 /* BJDAddressData.swift */,
				FB110C982990EEDB00C4EF53 /* ColorExtension.swift */,
				FB47B7A1299615EA006B8068 /* ImageExtension.swift */,
				A7F1165C2999242600905DAA /* SimpleAlert.swift */,
				FB23F88129A329F00023C752 /* EnumCollection.swift */,
			);
			path = Swift;
			sourceTree = "<group>";
		};
		FB21D2D92990AA0200F1FA20 /* Objective-C */ = {
			isa = PBXGroup;
			children = (
				A7F1165929991C7D00905DAA /* EmailLogin.h */,
				A7F1165A29991C7D00905DAA /* EmailLogin.m */,
				A7F116502998B40400905DAA /* AppleLogin.h */,
				A7F116512998B40400905DAA /* AppleLogin.m */,
				A7F116532998B4FE00905DAA /* GoogleLogin.h */,
				A7F116542998B4FE00905DAA /* GoogleLogin.m */,
				A7F116562998B52900905DAA /* NaverLogin.h */,
				A7F116572998B52900905DAA /* NaverLogin.m */,
				FB950B1029A4444800431FDA /* LoginProtocol.h */,
			);
			path = "Objective-C";
			sourceTree = "<group>";
		};
		FB21D2F12990BF3700F1FA20 /* Login */ = {
			isa = PBXGroup;
			children = (
				A7F1164D2997E2F400905DAA /* LoginPage.storyboard */,
				A7F1164F2998B3E000905DAA /* Swift */,
				FB21D2D92990AA0200F1FA20 /* Objective-C */,
				FB21D2F22990BF4800F1FA20 /* VC */,
			);
			path = Login;
			sourceTree = "<group>";
		};
		FB21D2F22990BF4800F1FA20 /* VC */ = {
			isa = PBXGroup;
			children = (
				FB110C8E2990C12000C4EF53 /* SimpleLoginVC.swift */,
				FB110C902990C20500C4EF53 /* EmailLoginVC.swift */,
				FBF52F592999B570006594D1 /* CreateAccountVC.swift */,
				FBF52F5B2999B65C006594D1 /* AccountAgreeVC.swift */,
			);
			path = VC;
			sourceTree = "<group>";
		};
		FB23F87B299F4CD60023C752 /* Objective-C */ = {
			isa = PBXGroup;
			children = (
				FBBBD18C29A86E6D00F6A0CA /* KEYData.h */,
				FBBBD18B29A869F300F6A0CA /* URLData.h */,
				FB23F87C299F4CFB0023C752 /* DatabaseManager.h */,
				FB23F87D299F4CFB0023C752 /* DatabaseManager.m */,
				FB42B1DB299B36C600CBADC9 /* SearchAddress.h */,
				FB42B1DC299B36C600CBADC9 /* SearchAddress.m */,
			);
			path = "Objective-C";
			sourceTree = "<group>";
		};
		FB23F87F299F674E0023C752 /* MD_Documents */ = {
			isa = PBXGroup;
			children = (
				FB23F880299F677C0023C752 /* Database Struct.md */,
			);
			path = MD_Documents;
			sourceTree = "<group>";
		};
		FB35BAA3299A2A4800BA6A27 /* Map */ = {
			isa = PBXGroup;
			children = (
				FB35BAA7299A2A6B00BA6A27 /* MapPage.storyboard */,
				FBE13B6A299B0FE6008FA404 /* Objective-C */,
				FB35BAA4299A2A5600BA6A27 /* VC */,
			);
			path = Map;
			sourceTree = "<group>";
		};
		FB35BAA4299A2A5600BA6A27 /* VC */ = {
			isa = PBXGroup;
			children = (
				FB35BAA5299A2A6100BA6A27 /* MapVC.swift */,
			);
			path = VC;
			sourceTree = "<group>";
		};
		FB35BAAB299A2D5F00BA6A27 /* List */ = {
			isa = PBXGroup;
			children = (
				A7394D7F299A94B0002FE2BA /* ItemPage.storyboard */,
				A7C443E8299D161C001EA428 /* xib */,
				A7C443E9299D1638001EA428 /* Swift */,
				FB35BAAC299A2D8700BA6A27 /* VC */,
			);
			path = List;
			sourceTree = "<group>";
		};
		FB35BAAC299A2D8700BA6A27 /* VC */ = {
			isa = PBXGroup;
			children = (
				FB35BAAF299A2DB900BA6A27 /* ItemListVC.swift */,
				FB35BAB7299A2E8800BA6A27 /* AddItemVC.swift */,
			);
			path = VC;
			sourceTree = "<group>";
		};
		FB47B79E2995EF54006B8068 /* Utils */ = {
			isa = PBXGroup;
			children = (
				FB21D2D82990A9E400F1FA20 /* Swift */,
				FB23F87B299F4CD60023C752 /* Objective-C */,
			);
			path = Utils;
			sourceTree = "<group>";
		};
		FB8505BB29A89AEF0053311D /* InfoMarker */ = {
			isa = PBXGroup;
			children = (
				FBBBD18D29A8766100F6A0CA /* InfoMarkerViewController.h */,
				FBBBD18E29A8766100F6A0CA /* InfoMarkerViewController.m */,
				FB8505B429A8929F0053311D /* InfoMarkerViewController.xib */,
				FB8505B629A89AE60053311D /* InfoMarkerTableViewCell.h */,
				FB8505B729A89AE60053311D /* InfoMarkerTableViewCell.m */,
				FB8505B829A89AE60053311D /* InfoMarkerTableViewCell.xib */,
			);
			path = InfoMarker;
			sourceTree = "<group>";
		};
		FBE13B6A299B0FE6008FA404 /* Objective-C */ = {
			isa = PBXGroup;
			children = (
				FB7B3B8229A5D8FD00A58D8E /* MapView.h */,
				FB7B3B8329A5D8FD00A58D8E /* MapView.m */,
				FB8505BB29A89AEF0053311D /* InfoMarker */,
				FBBBD19529A8826700F6A0CA /* DetailMarkerViewController.h */,
				FBBBD19629A8826700F6A0CA /* DetailMarkerViewController.m */,
				FBBBD19729A8826700F6A0CA /* DetailMarkerViewController.xib */,
			);
			name = "Objective-C";
			path = "Objective-C/Objective-C";
			sourceTree = "<group>";
		};
/* End PBXGroup section */

/* Begin PBXNativeTarget section */
		FB21D2A9299098DC00F1FA20 /* ConnectRealEstateAgent */ = {
			isa = PBXNativeTarget;
			buildConfigurationList = FB21D2BE299098DD00F1FA20 /* Build configuration list for PBXNativeTarget "ConnectRealEstateAgent" */;
			buildPhases = (
				D9139EDFEA6F90210A8701B4 /* [CP] Check Pods Manifest.lock */,
				FB21D2A6299098DC00F1FA20 /* Sources */,
				FB21D2A7299098DC00F1FA20 /* Frameworks */,
				FB21D2A8299098DC00F1FA20 /* Resources */,
				A4BB5890D34214DE3A64FFCC /* [CP] Embed Pods Frameworks */,
			);
			buildRules = (
			);
			dependencies = (
			);
			name = ConnectRealEstateAgent;
			packageProductDependencies = (
				FB21D2D62990A9C500F1FA20 /* GoogleSignIn */,
				FB21D2DB2990AE0400F1FA20 /* KakaoSDK */,
				FB21D2DE2990AF1B00F1FA20 /* FirebaseAnalytics */,
				FB21D2E02990AF1B00F1FA20 /* FirebaseAuth */,
				FB21D2E22990AF1B00F1FA20 /* FirebaseDatabase */,
				FB21D2E42990AF1B00F1FA20 /* FirebaseFirestore */,
				FB21D2E62990AF1B00F1FA20 /* FirebaseMessaging */,
				FB21D2E82990AF1B00F1FA20 /* FirebaseStorage */,
				FB42B1D9299B36A300CBADC9 /* AFNetworking */,
				FB23F86D299DBFEF0023C752 /* DropDown */,
			);
			productName = ConnectRealEstateAgent;
			productReference = FB21D2AA299098DC00F1FA20 /* ConnectRealEstateAgent.app */;
			productType = "com.apple.product-type.application";
		};
/* End PBXNativeTarget section */

/* Begin PBXProject section */
		FB21D2A2299098DC00F1FA20 /* Project object */ = {
			isa = PBXProject;
			attributes = {
				BuildIndependentTargetsInParallel = 1;
				LastSwiftUpdateCheck = 1320;
				LastUpgradeCheck = 1320;
				TargetAttributes = {
					FB21D2A9299098DC00F1FA20 = {
						CreatedOnToolsVersion = 13.2.1;
						LastSwiftMigration = 1320;
					};
				};
			};
			buildConfigurationList = FB21D2A5299098DC00F1FA20 /* Build configuration list for PBXProject "ConnectRealEstateAgent" */;
			compatibilityVersion = "Xcode 13.0";
			developmentRegion = en;
			hasScannedForEncodings = 0;
			knownRegions = (
				en,
				Base,
			);
			mainGroup = FB21D2A1299098DC00F1FA20;
			packageReferences = (
				FB21D2D52990A9C500F1FA20 /* XCRemoteSwiftPackageReference "GoogleSignIn-iOS" */,
				FB21D2DA2990AE0400F1FA20 /* XCRemoteSwiftPackageReference "kakao-ios-sdk" */,
				FB21D2DD2990AF1B00F1FA20 /* XCRemoteSwiftPackageReference "firebase-ios-sdk" */,
				FB42B1D8299B36A300CBADC9 /* XCRemoteSwiftPackageReference "AFNetworking" */,
				FB23F86C299DBFEF0023C752 /* XCRemoteSwiftPackageReference "DropDown" */,
			);
			productRefGroup = FB21D2AB299098DC00F1FA20 /* Products */;
			projectDirPath = "";
			projectRoot = "";
			targets = (
				FB21D2A9299098DC00F1FA20 /* ConnectRealEstateAgent */,
			);
		};
/* End PBXProject section */

/* Begin PBXResourcesBuildPhase section */
		FB21D2A8299098DC00F1FA20 /* Resources */ = {
			isa = PBXResourcesBuildPhase;
			buildActionMask = 2147483647;
			files = (
				FB23F872299E119E0023C752 /* InformationView.xib in Resources */,
				FB35BAA8299A2A6B00BA6A27 /* MapPage.storyboard in Resources */,
				FB21D2BA299098DD00F1FA20 /* LaunchScreen.storyboard in Resources */,
				FB21D2C22990996D00F1FA20 /* GoogleService-Info.plist in Resources */,
				FB23F874299F04280023C752 /* InvestInputView.xib in Resources */,
				A7394D80299A94B0002FE2BA /* ItemPage.storyboard in Resources */,
				FB8505B529A8929F0053311D /* InfoMarkerViewController.xib in Resources */,
				FB8505BA29A89AE60053311D /* InfoMarkerTableViewCell.xib in Resources */,
				A7F1164E2997E2F400905DAA /* LoginPage.storyboard in Resources */,
				FB42B1D7299B20E800CBADC9 /* SearchAddressView.xib in Resources */,
				FB21D2B7299098DD00F1FA20 /* Assets.xcassets in Resources */,
				FB21D2B5299098DC00F1FA20 /* Main.storyboard in Resources */,
				FBBBD19929A8826700F6A0CA /* DetailMarkerViewController.xib in Resources */,
			);
			runOnlyForDeploymentPostprocessing = 0;
		};
/* End PBXResourcesBuildPhase section */

/* Begin PBXShellScriptBuildPhase section */
		A4BB5890D34214DE3A64FFCC /* [CP] Embed Pods Frameworks */ = {
			isa = PBXShellScriptBuildPhase;
			buildActionMask = 2147483647;
			files = (
			);
			inputFileListPaths = (
				"${PODS_ROOT}/Target Support Files/Pods-ConnectRealEstateAgent/Pods-ConnectRealEstateAgent-frameworks-${CONFIGURATION}-input-files.xcfilelist",
			);
			name = "[CP] Embed Pods Frameworks";
			outputFileListPaths = (
				"${PODS_ROOT}/Target Support Files/Pods-ConnectRealEstateAgent/Pods-ConnectRealEstateAgent-frameworks-${CONFIGURATION}-output-files.xcfilelist",
			);
			runOnlyForDeploymentPostprocessing = 0;
			shellPath = /bin/sh;
			shellScript = "\"${PODS_ROOT}/Target Support Files/Pods-ConnectRealEstateAgent/Pods-ConnectRealEstateAgent-frameworks.sh\"\n";
			showEnvVarsInLog = 0;
		};
		D9139EDFEA6F90210A8701B4 /* [CP] Check Pods Manifest.lock */ = {
			isa = PBXShellScriptBuildPhase;
			buildActionMask = 2147483647;
			files = (
			);
			inputFileListPaths = (
			);
			inputPaths = (
				"${PODS_PODFILE_DIR_PATH}/Podfile.lock",
				"${PODS_ROOT}/Manifest.lock",
			);
			name = "[CP] Check Pods Manifest.lock";
			outputFileListPaths = (
			);
			outputPaths = (
				"$(DERIVED_FILE_DIR)/Pods-ConnectRealEstateAgent-checkManifestLockResult.txt",
			);
			runOnlyForDeploymentPostprocessing = 0;
			shellPath = /bin/sh;
			shellScript = "diff \"${PODS_PODFILE_DIR_PATH}/Podfile.lock\" \"${PODS_ROOT}/Manifest.lock\" > /dev/null\nif [ $? != 0 ] ; then\n    # print error to STDERR\n    echo \"error: The sandbox is not in sync with the Podfile.lock. Run 'pod install' or update your CocoaPods installation.\" >&2\n    exit 1\nfi\n# This output is used by Xcode 'outputs' to avoid re-running this script phase.\necho \"SUCCESS\" > \"${SCRIPT_OUTPUT_FILE_0}\"\n";
			showEnvVarsInLog = 0;
		};
/* End PBXShellScriptBuildPhase section */

/* Begin PBXSourcesBuildPhase section */
		FB21D2A6299098DC00F1FA20 /* Sources */ = {
			isa = PBXSourcesBuildPhase;
			buildActionMask = 2147483647;
			files = (
				FB42B1DD299B36C600CBADC9 /* SearchAddress.m in Sources */,
				FB23F87E299F4CFB0023C752 /* DatabaseManager.m in Sources */,
				FB110C932990C66900C4EF53 /* KakaoLogin.swift in Sources */,
				FB23F88229A329F10023C752 /* EnumCollection.swift in Sources */,
				FBBBD19829A8826700F6A0CA /* DetailMarkerViewController.m in Sources */,
				FB21D2AE299098DC00F1FA20 /* AppDelegate.swift in Sources */,
				A7F116552998B4FE00905DAA /* GoogleLogin.m in Sources */,
				A75FEBB42997DD28004F49DC /* FirstVC.swift in Sources */,
				A7F1165D2999242600905DAA /* SimpleAlert.swift in Sources */,
				FB21D2B0299098DC00F1FA20 /* SceneDelegate.swift in Sources */,
				A7F116522998B40400905DAA /* AppleLogin.m in Sources */,
				A7F1165B29991C7D00905DAA /* EmailLogin.m in Sources */,
				FBF52F5A2999B570006594D1 /* CreateAccountVC.swift in Sources */,
				FBF52F5C2999B65C006594D1 /* AccountAgreeVC.swift in Sources */,
				FB35BAA6299A2A6100BA6A27 /* MapVC.swift in Sources */,
				FB110C992990EEDB00C4EF53 /* ColorExtension.swift in Sources */,
				FB35BAC0299A331F00BA6A27 /* SearchAddressView.swift in Sources */,
				FB47B79C2995EF1C006B8068 /* BJDAddressData.swift in Sources */,
				FB35BAB0299A2DB900BA6A27 /* ItemListVC.swift in Sources */,
				FB35BAB8299A2E8800BA6A27 /* AddItemVC.swift in Sources */,
				FB23F870299E10ED0023C752 /* InformationView.swift in Sources */,
				A7F116582998B52900905DAA /* NaverLogin.m in Sources */,
				FBEB6FDD29A743AD00445EF9 /* CREAViewController.swift in Sources */,
				FB8505B929A89AE60053311D /* InfoMarkerTableViewCell.m in Sources */,
				FB110C8F2990C12000C4EF53 /* SimpleLoginVC.swift in Sources */,
				FB7B3B8429A5D8FD00A58D8E /* MapView.m in Sources */,
				FB110C912990C20500C4EF53 /* EmailLoginVC.swift in Sources */,
				FB23F87A299F4BC70023C752 /* InvestInputView.swift in Sources */,
				FBBBD19029A8766100F6A0CA /* InfoMarkerViewController.m in Sources */,
				FB47B7A2299615EA006B8068 /* ImageExtension.swift in Sources */,
			);
			runOnlyForDeploymentPostprocessing = 0;
		};
/* End PBXSourcesBuildPhase section */

/* Begin PBXVariantGroup section */
		FB21D2B3299098DC00F1FA20 /* Main.storyboard */ = {
			isa = PBXVariantGroup;
			children = (
				FB21D2B4299098DC00F1FA20 /* Base */,
			);
			name = Main.storyboard;
			sourceTree = "<group>";
		};
		FB21D2B8299098DD00F1FA20 /* LaunchScreen.storyboard */ = {
			isa = PBXVariantGroup;
			children = (
				FB21D2B9299098DD00F1FA20 /* Base */,
			);
			name = LaunchScreen.storyboard;
			sourceTree = "<group>";
		};
/* End PBXVariantGroup section */

/* Begin XCBuildConfiguration section */
		FB21D2BC299098DD00F1FA20 /* Debug */ = {
			isa = XCBuildConfiguration;
			buildSettings = {
				ALWAYS_SEARCH_USER_PATHS = NO;
				CLANG_ANALYZER_NONNULL = YES;
				CLANG_ANALYZER_NUMBER_OBJECT_CONVERSION = YES_AGGRESSIVE;
				CLANG_CXX_LANGUAGE_STANDARD = "gnu++17";
				CLANG_CXX_LIBRARY = "libc++";
				CLANG_ENABLE_MODULES = YES;
				CLANG_ENABLE_OBJC_ARC = YES;
				CLANG_ENABLE_OBJC_WEAK = YES;
				CLANG_WARN_BLOCK_CAPTURE_AUTORELEASING = YES;
				CLANG_WARN_BOOL_CONVERSION = YES;
				CLANG_WARN_COMMA = YES;
				CLANG_WARN_CONSTANT_CONVERSION = YES;
				CLANG_WARN_DEPRECATED_OBJC_IMPLEMENTATIONS = YES;
				CLANG_WARN_DIRECT_OBJC_ISA_USAGE = YES_ERROR;
				CLANG_WARN_DOCUMENTATION_COMMENTS = YES;
				CLANG_WARN_EMPTY_BODY = YES;
				CLANG_WARN_ENUM_CONVERSION = YES;
				CLANG_WARN_INFINITE_RECURSION = YES;
				CLANG_WARN_INT_CONVERSION = YES;
				CLANG_WARN_NON_LITERAL_NULL_CONVERSION = YES;
				CLANG_WARN_OBJC_IMPLICIT_RETAIN_SELF = YES;
				CLANG_WARN_OBJC_LITERAL_CONVERSION = YES;
				CLANG_WARN_OBJC_ROOT_CLASS = YES_ERROR;
				CLANG_WARN_QUOTED_INCLUDE_IN_FRAMEWORK_HEADER = YES;
				CLANG_WARN_RANGE_LOOP_ANALYSIS = YES;
				CLANG_WARN_STRICT_PROTOTYPES = YES;
				CLANG_WARN_SUSPICIOUS_MOVE = YES;
				CLANG_WARN_UNGUARDED_AVAILABILITY = YES_AGGRESSIVE;
				CLANG_WARN_UNREACHABLE_CODE = YES;
				CLANG_WARN__DUPLICATE_METHOD_MATCH = YES;
				COPY_PHASE_STRIP = NO;
				DEBUG_INFORMATION_FORMAT = dwarf;
				ENABLE_STRICT_OBJC_MSGSEND = YES;
				ENABLE_TESTABILITY = YES;
				GCC_C_LANGUAGE_STANDARD = gnu11;
				GCC_DYNAMIC_NO_PIC = NO;
				GCC_NO_COMMON_BLOCKS = YES;
				GCC_OPTIMIZATION_LEVEL = 0;
				GCC_PREPROCESSOR_DEFINITIONS = (
					"DEBUG=1",
					"$(inherited)",
				);
				GCC_WARN_64_TO_32_BIT_CONVERSION = YES;
				GCC_WARN_ABOUT_RETURN_TYPE = YES_ERROR;
				GCC_WARN_UNDECLARED_SELECTOR = YES;
				GCC_WARN_UNINITIALIZED_AUTOS = YES_AGGRESSIVE;
				GCC_WARN_UNUSED_FUNCTION = YES;
				GCC_WARN_UNUSED_VARIABLE = YES;
				IPHONEOS_DEPLOYMENT_TARGET = 15.2;
				MTL_ENABLE_DEBUG_INFO = INCLUDE_SOURCE;
				MTL_FAST_MATH = YES;
				ONLY_ACTIVE_ARCH = YES;
				SDKROOT = iphoneos;
				SWIFT_ACTIVE_COMPILATION_CONDITIONS = DEBUG;
				SWIFT_OPTIMIZATION_LEVEL = "-Onone";
			};
			name = Debug;
		};
		FB21D2BD299098DD00F1FA20 /* Release */ = {
			isa = XCBuildConfiguration;
			buildSettings = {
				ALWAYS_SEARCH_USER_PATHS = NO;
				CLANG_ANALYZER_NONNULL = YES;
				CLANG_ANALYZER_NUMBER_OBJECT_CONVERSION = YES_AGGRESSIVE;
				CLANG_CXX_LANGUAGE_STANDARD = "gnu++17";
				CLANG_CXX_LIBRARY = "libc++";
				CLANG_ENABLE_MODULES = YES;
				CLANG_ENABLE_OBJC_ARC = YES;
				CLANG_ENABLE_OBJC_WEAK = YES;
				CLANG_WARN_BLOCK_CAPTURE_AUTORELEASING = YES;
				CLANG_WARN_BOOL_CONVERSION = YES;
				CLANG_WARN_COMMA = YES;
				CLANG_WARN_CONSTANT_CONVERSION = YES;
				CLANG_WARN_DEPRECATED_OBJC_IMPLEMENTATIONS = YES;
				CLANG_WARN_DIRECT_OBJC_ISA_USAGE = YES_ERROR;
				CLANG_WARN_DOCUMENTATION_COMMENTS = YES;
				CLANG_WARN_EMPTY_BODY = YES;
				CLANG_WARN_ENUM_CONVERSION = YES;
				CLANG_WARN_INFINITE_RECURSION = YES;
				CLANG_WARN_INT_CONVERSION = YES;
				CLANG_WARN_NON_LITERAL_NULL_CONVERSION = YES;
				CLANG_WARN_OBJC_IMPLICIT_RETAIN_SELF = YES;
				CLANG_WARN_OBJC_LITERAL_CONVERSION = YES;
				CLANG_WARN_OBJC_ROOT_CLASS = YES_ERROR;
				CLANG_WARN_QUOTED_INCLUDE_IN_FRAMEWORK_HEADER = YES;
				CLANG_WARN_RANGE_LOOP_ANALYSIS = YES;
				CLANG_WARN_STRICT_PROTOTYPES = YES;
				CLANG_WARN_SUSPICIOUS_MOVE = YES;
				CLANG_WARN_UNGUARDED_AVAILABILITY = YES_AGGRESSIVE;
				CLANG_WARN_UNREACHABLE_CODE = YES;
				CLANG_WARN__DUPLICATE_METHOD_MATCH = YES;
				COPY_PHASE_STRIP = NO;
				DEBUG_INFORMATION_FORMAT = "dwarf-with-dsym";
				ENABLE_NS_ASSERTIONS = NO;
				ENABLE_STRICT_OBJC_MSGSEND = YES;
				GCC_C_LANGUAGE_STANDARD = gnu11;
				GCC_NO_COMMON_BLOCKS = YES;
				GCC_WARN_64_TO_32_BIT_CONVERSION = YES;
				GCC_WARN_ABOUT_RETURN_TYPE = YES_ERROR;
				GCC_WARN_UNDECLARED_SELECTOR = YES;
				GCC_WARN_UNINITIALIZED_AUTOS = YES_AGGRESSIVE;
				GCC_WARN_UNUSED_FUNCTION = YES;
				GCC_WARN_UNUSED_VARIABLE = YES;
				IPHONEOS_DEPLOYMENT_TARGET = 15.2;
				MTL_ENABLE_DEBUG_INFO = NO;
				MTL_FAST_MATH = YES;
				SDKROOT = iphoneos;
				SWIFT_COMPILATION_MODE = wholemodule;
				SWIFT_OPTIMIZATION_LEVEL = "-O";
				VALIDATE_PRODUCT = YES;
			};
			name = Release;
		};
		FB21D2BF299098DD00F1FA20 /* Debug */ = {
			isa = XCBuildConfiguration;
			baseConfigurationReference = 4A007FB0549A2C4D49C7B1D3 /* Pods-ConnectRealEstateAgent.debug.xcconfig */;
			buildSettings = {
				ASSETCATALOG_COMPILER_APPICON_NAME = AppIcon;
				ASSETCATALOG_COMPILER_GLOBAL_ACCENT_COLOR_NAME = AccentColor;
				CLANG_ENABLE_MODULES = YES;
				CODE_SIGN_ENTITLEMENTS = ConnectRealEstateAgent/ConnectRealEstateAgent.entitlements;
				CODE_SIGN_IDENTITY = "Apple Development";
				CODE_SIGN_STYLE = Automatic;
				CURRENT_PROJECT_VERSION = 1;
				DEFINES_MODULE = YES;
				DEVELOPMENT_TEAM = 45MYH7ZHUQ;
				GENERATE_INFOPLIST_FILE = YES;
				INFOPLIST_FILE = ConnectRealEstateAgent/Info.plist;
				INFOPLIST_KEY_CFBundleDisplayName = C.R.E.A;
				INFOPLIST_KEY_NSLocationAlwaysAndWhenInUseUsageDescription = "위치정보 권한이 필요합니다.";
				INFOPLIST_KEY_NSLocationAlwaysUsageDescription = "위치정보 권한이 필요합니다.";
				INFOPLIST_KEY_NSLocationWhenInUseUsageDescription = "위치정보 권한이 필요합니다.";
				INFOPLIST_KEY_UIApplicationSupportsIndirectInputEvents = YES;
				INFOPLIST_KEY_UILaunchStoryboardName = LaunchScreen;
				INFOPLIST_KEY_UIMainStoryboardFile = Main;
				INFOPLIST_KEY_UIStatusBarStyle = UIStatusBarStyleLightContent;
				INFOPLIST_KEY_UISupportedInterfaceOrientations = UIInterfaceOrientationPortrait;
				INFOPLIST_KEY_UISupportedInterfaceOrientations_iPad = "UIInterfaceOrientationLandscapeLeft UIInterfaceOrientationLandscapeRight UIInterfaceOrientationPortrait UIInterfaceOrientationPortraitUpsideDown";
				INFOPLIST_KEY_UIUserInterfaceStyle = Light;
				LD_RUNPATH_SEARCH_PATHS = (
					"$(inherited)",
					"@executable_path/Frameworks",
				);
				MARKETING_VERSION = 1.0;
				PRODUCT_BUNDLE_IDENTIFIER = com.seonkyu.kim.ConnectRealEstateAgent;
				PRODUCT_NAME = "$(TARGET_NAME)";
				PROVISIONING_PROFILE_SPECIFIER = "";
				SWIFT_EMIT_LOC_STRINGS = YES;
				SWIFT_OBJC_BRIDGING_HEADER = "ConnectRealEstateAgent/ConnectRealEstateAgent-Bridging-Header.h";
				SWIFT_OPTIMIZATION_LEVEL = "-Onone";
				SWIFT_VERSION = 5.0;
				TARGETED_DEVICE_FAMILY = 1;
			};
			name = Debug;
		};
		FB21D2C0299098DD00F1FA20 /* Release */ = {
			isa = XCBuildConfiguration;
			baseConfigurationReference = 72EDF291842113FA2CD01799 /* Pods-ConnectRealEstateAgent.release.xcconfig */;
			buildSettings = {
				ASSETCATALOG_COMPILER_APPICON_NAME = AppIcon;
				ASSETCATALOG_COMPILER_GLOBAL_ACCENT_COLOR_NAME = AccentColor;
				CLANG_ENABLE_MODULES = YES;
				CODE_SIGN_ENTITLEMENTS = ConnectRealEstateAgent/ConnectRealEstateAgent.entitlements;
				CODE_SIGN_IDENTITY = "Apple Development";
				CODE_SIGN_STYLE = Automatic;
				CURRENT_PROJECT_VERSION = 1;
				DEFINES_MODULE = YES;
				DEVELOPMENT_TEAM = 45MYH7ZHUQ;
				GENERATE_INFOPLIST_FILE = YES;
				INFOPLIST_FILE = ConnectRealEstateAgent/Info.plist;
				INFOPLIST_KEY_CFBundleDisplayName = C.R.E.A;
				INFOPLIST_KEY_NSLocationAlwaysAndWhenInUseUsageDescription = "위치정보 권한이 필요합니다.";
				INFOPLIST_KEY_NSLocationAlwaysUsageDescription = "위치정보 권한이 필요합니다.";
				INFOPLIST_KEY_NSLocationWhenInUseUsageDescription = "위치정보 권한이 필요합니다.";
				INFOPLIST_KEY_UIApplicationSupportsIndirectInputEvents = YES;
				INFOPLIST_KEY_UILaunchStoryboardName = LaunchScreen;
				INFOPLIST_KEY_UIMainStoryboardFile = Main;
				INFOPLIST_KEY_UIStatusBarStyle = UIStatusBarStyleLightContent;
				INFOPLIST_KEY_UISupportedInterfaceOrientations = UIInterfaceOrientationPortrait;
				INFOPLIST_KEY_UISupportedInterfaceOrientations_iPad = "UIInterfaceOrientationLandscapeLeft UIInterfaceOrientationLandscapeRight UIInterfaceOrientationPortrait UIInterfaceOrientationPortraitUpsideDown";
				INFOPLIST_KEY_UIUserInterfaceStyle = Light;
				LD_RUNPATH_SEARCH_PATHS = (
					"$(inherited)",
					"@executable_path/Frameworks",
				);
				MARKETING_VERSION = 1.0;
				PRODUCT_BUNDLE_IDENTIFIER = com.seonkyu.kim.ConnectRealEstateAgent;
				PRODUCT_NAME = "$(TARGET_NAME)";
				PROVISIONING_PROFILE_SPECIFIER = "";
				SWIFT_EMIT_LOC_STRINGS = YES;
				SWIFT_OBJC_BRIDGING_HEADER = "ConnectRealEstateAgent/ConnectRealEstateAgent-Bridging-Header.h";
				SWIFT_VERSION = 5.0;
				TARGETED_DEVICE_FAMILY = 1;
			};
			name = Release;
		};
/* End XCBuildConfiguration section */

/* Begin XCConfigurationList section */
		FB21D2A5299098DC00F1FA20 /* Build configuration list for PBXProject "ConnectRealEstateAgent" */ = {
			isa = XCConfigurationList;
			buildConfigurations = (
				FB21D2BC299098DD00F1FA20 /* Debug */,
				FB21D2BD299098DD00F1FA20 /* Release */,
			);
			defaultConfigurationIsVisible = 0;
			defaultConfigurationName = Release;
		};
		FB21D2BE299098DD00F1FA20 /* Build configuration list for PBXNativeTarget "ConnectRealEstateAgent" */ = {
			isa = XCConfigurationList;
			buildConfigurations = (
				FB21D2BF299098DD00F1FA20 /* Debug */,
				FB21D2C0299098DD00F1FA20 /* Release */,
			);
			defaultConfigurationIsVisible = 0;
			defaultConfigurationName = Release;
		};
/* End XCConfigurationList section */

/* Begin XCRemoteSwiftPackageReference section */
		FB21D2D52990A9C500F1FA20 /* XCRemoteSwiftPackageReference "GoogleSignIn-iOS" */ = {
			isa = XCRemoteSwiftPackageReference;
			repositoryURL = "https://github.com/google/GoogleSignIn-iOS";
			requirement = {
				kind = upToNextMajorVersion;
				minimumVersion = 7.0.0;
			};
		};
		FB21D2DA2990AE0400F1FA20 /* XCRemoteSwiftPackageReference "kakao-ios-sdk" */ = {
			isa = XCRemoteSwiftPackageReference;
			repositoryURL = "https://github.com/kakao/kakao-ios-sdk";
			requirement = {
				branch = master;
				kind = branch;
			};
		};
		FB21D2DD2990AF1B00F1FA20 /* XCRemoteSwiftPackageReference "firebase-ios-sdk" */ = {
			isa = XCRemoteSwiftPackageReference;
			repositoryURL = "https://github.com/firebase/firebase-ios-sdk";
			requirement = {
				branch = master;
				kind = branch;
			};
		};
		FB23F86C299DBFEF0023C752 /* XCRemoteSwiftPackageReference "DropDown" */ = {
			isa = XCRemoteSwiftPackageReference;
			repositoryURL = "https://github.com/AssistoLab/DropDown";
			requirement = {
				branch = master;
				kind = branch;
			};
		};
		FB42B1D8299B36A300CBADC9 /* XCRemoteSwiftPackageReference "AFNetworking" */ = {
			isa = XCRemoteSwiftPackageReference;
			repositoryURL = "https://github.com/AFNetworking/AFNetworking.git";
			requirement = {
				branch = master;
				kind = branch;
			};
		};
/* End XCRemoteSwiftPackageReference section */

/* Begin XCSwiftPackageProductDependency section */
		FB21D2D62990A9C500F1FA20 /* GoogleSignIn */ = {
			isa = XCSwiftPackageProductDependency;
			package = FB21D2D52990A9C500F1FA20 /* XCRemoteSwiftPackageReference "GoogleSignIn-iOS" */;
			productName = GoogleSignIn;
		};
		FB21D2DB2990AE0400F1FA20 /* KakaoSDK */ = {
			isa = XCSwiftPackageProductDependency;
			package = FB21D2DA2990AE0400F1FA20 /* XCRemoteSwiftPackageReference "kakao-ios-sdk" */;
			productName = KakaoSDK;
		};
		FB21D2DE2990AF1B00F1FA20 /* FirebaseAnalytics */ = {
			isa = XCSwiftPackageProductDependency;
			package = FB21D2DD2990AF1B00F1FA20 /* XCRemoteSwiftPackageReference "firebase-ios-sdk" */;
			productName = FirebaseAnalytics;
		};
		FB21D2E02990AF1B00F1FA20 /* FirebaseAuth */ = {
			isa = XCSwiftPackageProductDependency;
			package = FB21D2DD2990AF1B00F1FA20 /* XCRemoteSwiftPackageReference "firebase-ios-sdk" */;
			productName = FirebaseAuth;
		};
		FB21D2E22990AF1B00F1FA20 /* FirebaseDatabase */ = {
			isa = XCSwiftPackageProductDependency;
			package = FB21D2DD2990AF1B00F1FA20 /* XCRemoteSwiftPackageReference "firebase-ios-sdk" */;
			productName = FirebaseDatabase;
		};
		FB21D2E42990AF1B00F1FA20 /* FirebaseFirestore */ = {
			isa = XCSwiftPackageProductDependency;
			package = FB21D2DD2990AF1B00F1FA20 /* XCRemoteSwiftPackageReference "firebase-ios-sdk" */;
			productName = FirebaseFirestore;
		};
		FB21D2E62990AF1B00F1FA20 /* FirebaseMessaging */ = {
			isa = XCSwiftPackageProductDependency;
			package = FB21D2DD2990AF1B00F1FA20 /* XCRemoteSwiftPackageReference "firebase-ios-sdk" */;
			productName = FirebaseMessaging;
		};
		FB21D2E82990AF1B00F1FA20 /* FirebaseStorage */ = {
			isa = XCSwiftPackageProductDependency;
			package = FB21D2DD2990AF1B00F1FA20 /* XCRemoteSwiftPackageReference "firebase-ios-sdk" */;
			productName = FirebaseStorage;
		};
		FB23F86D299DBFEF0023C752 /* DropDown */ = {
			isa = XCSwiftPackageProductDependency;
			package = FB23F86C299DBFEF0023C752 /* XCRemoteSwiftPackageReference "DropDown" */;
			productName = DropDown;
		};
		FB42B1D9299B36A300CBADC9 /* AFNetworking */ = {
			isa = XCSwiftPackageProductDependency;
			package = FB42B1D8299B36A300CBADC9 /* XCRemoteSwiftPackageReference "AFNetworking" */;
			productName = AFNetworking;
		};
/* End XCSwiftPackageProductDependency section */
	};
	rootObject = FB21D2A2299098DC00F1FA20 /* Project object */;
}
